{
  "name": "icon",
  "lockfileVersion": 3,
  "requires": true,
  "packages": {
    "": {
      "dependencies": {
        "@material-design-icons/font": "^0.14.15"
      }
    },
    "node_modules/@material-design-icons/font": {
      "version": "0.14.15",
      "resolved": "https://registry.npmjs.org/@material-design-icons/font/-/font-0.14.15.tgz",
      "integrity": "sha512-h4YFZnYxNuciEKR0jAOekaQmIg2UGUSxbnoyzo4OdE42gy9QB3UnrjLcASiDy9ra8fqrcHy+NqxTHx7F86BH0A==",
      "license": "Apache-2.0"
    }
  }
}
